
Microsoft Visual Studio Solution File, Format Version 12.00
# Visual Studio Version 17
VisualStudioVersion = 17.1.32421.90
MinimumVisualStudioVersion = 10.0.40219.1
Project("{FAE04EC0-301F-11D3-BF4B-00C04F79EFBC}") = "WebAguasPL", "WebAguasPL\WebAguasPL.csproj", "{CFCC2BFB-6E48-4135-A4D1-4911227A414F}"
EndProject
Global
	GlobalSection(SolutionConfigurationPlatforms) = preSolution
		Debug|Any CPU = Debug|Any CPU
		Release|Any CPU = Release|Any CPU
	EndGlobalSection
	GlobalSection(ProjectConfigurationPlatforms) = postSolution
		{CFCC2BFB-6E48-4135-A4D1-4911227A414F}.Debug|Any CPU.ActiveCfg = Debug|Any CPU
		{CFCC2BFB-6E48-4135-A4D1-4911227A414F}.Debug|Any CPU.Build.0 = Debug|Any CPU
		{CFCC2BFB-6E48-4135-A4D1-4911227A414F}.Release|Any CPU.ActiveCfg = Release|Any CPU
		{CFCC2BFB-6E48-4135-A4D1-4911227A414F}.Release|Any CPU.Build.0 = Release|Any CPU
	EndGlobalSection
	GlobalSection(SolutionProperties) = preSolution
		HideSolutionNode = FALSE
	EndGlobalSection
	GlobalSection(ExtensibilityGlobals) = postSolution
		SolutionGuid = {6C630E4D-0618-47AC-8428-99215429FCAC}
	EndGlobalSection
EndGlobal
